
Microsoft Visual Studio Solution File, Format Version 12.00
# Visual Studio 15
VisualStudioVersion = 15.0.27703.2018
MinimumVisualStudioVersion = 10.0.40219.1
Project("{FAE04EC0-301F-11D3-BF4B-00C04F79EFBC}") = "守塔", "守塔\守塔.csproj", "{82CA5F0F-E6AF-4911-8410-D08345BD89D9}"
EndProject
Project("{FAE04EC0-301F-11D3-BF4B-00C04F79EFBC}") = "test_LINQ", "test_LINQ\test_LINQ.csproj", "{15A64000-EFBF-4675-8E9E-B482D537631A}"
EndProject
Project("{FAE04EC0-301F-11D3-BF4B-00C04F79EFBC}") = "最新_守塔_UI", "最新_守塔_UI\最新_守塔_UI.csproj", "{7947611E-AE3B-4FE0-B771-814D8A070B19}"
EndProject
Project("{FAE04EC0-301F-11D3-BF4B-00C04F79EFBC}") = "最新_守塔_Model", "最新_守塔_Model\最新_守塔_Model.csproj", "{C8CEC74B-2FD3-4996-A1C2-6D298686A9E9}"
EndProject
Project("{FAE04EC0-301F-11D3-BF4B-00C04F79EFBC}") = "最新_守塔_Controler", "最新_守塔_Controler\最新_守塔_Controler.csproj", "{92FE440E-2E4B-4D11-8D84-3904A7655A48}"
EndProject
Project("{FAE04EC0-301F-11D3-BF4B-00C04F79EFBC}") = "最新_守塔_Other", "最新_守塔_Other\最新_守塔_Other.csproj", "{3B93CC2C-F235-4324-960F-2B8A8D5BC170}"
EndProject
Global
	GlobalSection(SolutionConfigurationPlatforms) = preSolution
		Debug|Any CPU = Debug|Any CPU
		Release|Any CPU = Release|Any CPU
	EndGlobalSection
	GlobalSection(ProjectConfigurationPlatforms) = postSolution
		{82CA5F0F-E6AF-4911-8410-D08345BD89D9}.Debug|Any CPU.ActiveCfg = Debug|Any CPU
		{82CA5F0F-E6AF-4911-8410-D08345BD89D9}.Debug|Any CPU.Build.0 = Debug|Any CPU
		{82CA5F0F-E6AF-4911-8410-D08345BD89D9}.Release|Any CPU.ActiveCfg = Release|Any CPU
		{82CA5F0F-E6AF-4911-8410-D08345BD89D9}.Release|Any CPU.Build.0 = Release|Any CPU
		{15A64000-EFBF-4675-8E9E-B482D537631A}.Debug|Any CPU.ActiveCfg = Debug|Any CPU
		{15A64000-EFBF-4675-8E9E-B482D537631A}.Debug|Any CPU.Build.0 = Debug|Any CPU
		{15A64000-EFBF-4675-8E9E-B482D537631A}.Release|Any CPU.ActiveCfg = Release|Any CPU
		{15A64000-EFBF-4675-8E9E-B482D537631A}.Release|Any CPU.Build.0 = Release|Any CPU
		{7947611E-AE3B-4FE0-B771-814D8A070B19}.Debug|Any CPU.ActiveCfg = Debug|Any CPU
		{7947611E-AE3B-4FE0-B771-814D8A070B19}.Debug|Any CPU.Build.0 = Debug|Any CPU
		{7947611E-AE3B-4FE0-B771-814D8A070B19}.Release|Any CPU.ActiveCfg = Release|Any CPU
		{7947611E-AE3B-4FE0-B771-814D8A070B19}.Release|Any CPU.Build.0 = Release|Any CPU
		{C8CEC74B-2FD3-4996-A1C2-6D298686A9E9}.Debug|Any CPU.ActiveCfg = Debug|Any CPU
		{C8CEC74B-2FD3-4996-A1C2-6D298686A9E9}.Debug|Any CPU.Build.0 = Debug|Any CPU
		{C8CEC74B-2FD3-4996-A1C2-6D298686A9E9}.Release|Any CPU.ActiveCfg = Release|Any CPU
		{C8CEC74B-2FD3-4996-A1C2-6D298686A9E9}.Release|Any CPU.Build.0 = Release|Any CPU
		{92FE440E-2E4B-4D11-8D84-3904A7655A48}.Debug|Any CPU.ActiveCfg = Debug|Any CPU
		{92FE440E-2E4B-4D11-8D84-3904A7655A48}.Debug|Any CPU.Build.0 = Debug|Any CPU
		{92FE440E-2E4B-4D11-8D84-3904A7655A48}.Release|Any CPU.ActiveCfg = Release|Any CPU
		{92FE440E-2E4B-4D11-8D84-3904A7655A48}.Release|Any CPU.Build.0 = Release|Any CPU
		{3B93CC2C-F235-4324-960F-2B8A8D5BC170}.Debug|Any CPU.ActiveCfg = Debug|Any CPU
		{3B93CC2C-F235-4324-960F-2B8A8D5BC170}.Debug|Any CPU.Build.0 = Debug|Any CPU
		{3B93CC2C-F235-4324-960F-2B8A8D5BC170}.Release|Any CPU.ActiveCfg = Release|Any CPU
		{3B93CC2C-F235-4324-960F-2B8A8D5BC170}.Release|Any CPU.Build.0 = Release|Any CPU
	EndGlobalSection
	GlobalSection(SolutionProperties) = preSolution
		HideSolutionNode = FALSE
	EndGlobalSection
	GlobalSection(ExtensibilityGlobals) = postSolution
		SolutionGuid = {48E65955-8AF6-4FFB-8963-2EBC76649523}
	EndGlobalSection
EndGlobal
